# THIS IS AN AUTOGENERATED FILE. DO NOT EDIT THIS FILE DIRECTLY.
# yarn lockfile v1


tinymce@^7.6.1:
  version "7.6.1"
  resolved "https://registry.yarnpkg.com/tinymce/-/tinymce-7.6.1.tgz#f35990f6e9c2f90220939f545ac032e3d9301b05"
  integrity sha512-5cHhaAoyyTHfAVTInNfoSp0KkUHmeVUbGSu37QKQbOFIPqxYPhqBiaLm1WVLgoNBYOHRProVc3xzxnNTeWHyoQ==
